
Microsoft Visual Studio Solution File, Format Version 12.00
# Visual Studio 14
VisualStudioVersion = 14.0.25420.1
MinimumVisualStudioVersion = 10.0.40219.1
Project("{FAE04EC0-301F-11D3-BF4B-00C04F79EFBC}") = "Models", "Models\Models.csproj", "{7ABACB5C-22D5-4C34-A67A-ACB027D49019}"
EndProject
Project("{FAE04EC0-301F-11D3-BF4B-00C04F79EFBC}") = "DataTypes", "DataTypes.cs\DataTypes.csproj", "{0DCF4303-89CA-4B66-8D7A-C2105091D2C4}"
EndProject
Project("{FAE04EC0-301F-11D3-BF4B-00C04F79EFBC}") = "ModelsTests", "ModelsTests\ModelsTests.csproj", "{D640E982-E5E2-4A2B-AEC6-44A1866B727B}"
EndProject
Project("{FAE04EC0-301F-11D3-BF4B-00C04F79EFBC}") = "Exceptions", "Exceptions\Exceptions.csproj", "{07092DBE-764C-43C4-A1BF-D846DDDCCADA}"
EndProject
Project("{2150E333-8FDC-42A3-9474-1A3956D46DE8}") = "Zadatak 1 i 2", "Zadatak 1 i 2", "{75D2287F-5266-442B-B550-327D3C173EAD}"
EndProject
Project("{2150E333-8FDC-42A3-9474-1A3956D46DE8}") = "Zadaci 3,4,5", "Zadaci 3,4,5", "{F3CA54E1-849C-4E78-B5C1-46CBCE3C8ACA}"
EndProject
Project("{FAE04EC0-301F-11D3-BF4B-00C04F79EFBC}") = "LINQExpressions", "LINQExpressions\LINQExpressions.csproj", "{BB8E6B47-B114-47F3-A54D-9B729D0C8286}"
EndProject
Project("{FAE04EC0-301F-11D3-BF4B-00C04F79EFBC}") = "Classes", "Classes\Classes.csproj", "{5042DAF6-35CF-44C1-A0E0-A29021B04502}"
EndProject
Project("{2150E333-8FDC-42A3-9474-1A3956D46DE8}") = "Zadatak 6", "Zadatak 6", "{008924C8-5E42-4D6C-9852-0EC0E30850E7}"
EndProject
Project("{FAE04EC0-301F-11D3-BF4B-00C04F79EFBC}") = "Threads", "Threads\Threads.csproj", "{808450F2-6DDB-4128-A639-05CDE67E9DA1}"
EndProject
Global
	GlobalSection(SolutionConfigurationPlatforms) = preSolution
		Debug|Any CPU = Debug|Any CPU
		Release|Any CPU = Release|Any CPU
	EndGlobalSection
	GlobalSection(ProjectConfigurationPlatforms) = postSolution
		{7ABACB5C-22D5-4C34-A67A-ACB027D49019}.Debug|Any CPU.ActiveCfg = Debug|Any CPU
		{7ABACB5C-22D5-4C34-A67A-ACB027D49019}.Debug|Any CPU.Build.0 = Debug|Any CPU
		{7ABACB5C-22D5-4C34-A67A-ACB027D49019}.Release|Any CPU.ActiveCfg = Release|Any CPU
		{7ABACB5C-22D5-4C34-A67A-ACB027D49019}.Release|Any CPU.Build.0 = Release|Any CPU
		{0DCF4303-89CA-4B66-8D7A-C2105091D2C4}.Debug|Any CPU.ActiveCfg = Debug|Any CPU
		{0DCF4303-89CA-4B66-8D7A-C2105091D2C4}.Debug|Any CPU.Build.0 = Debug|Any CPU
		{0DCF4303-89CA-4B66-8D7A-C2105091D2C4}.Release|Any CPU.ActiveCfg = Release|Any CPU
		{0DCF4303-89CA-4B66-8D7A-C2105091D2C4}.Release|Any CPU.Build.0 = Release|Any CPU
		{D640E982-E5E2-4A2B-AEC6-44A1866B727B}.Debug|Any CPU.ActiveCfg = Debug|Any CPU
		{D640E982-E5E2-4A2B-AEC6-44A1866B727B}.Debug|Any CPU.Build.0 = Debug|Any CPU
		{D640E982-E5E2-4A2B-AEC6-44A1866B727B}.Release|Any CPU.ActiveCfg = Release|Any CPU
		{D640E982-E5E2-4A2B-AEC6-44A1866B727B}.Release|Any CPU.Build.0 = Release|Any CPU
		{07092DBE-764C-43C4-A1BF-D846DDDCCADA}.Debug|Any CPU.ActiveCfg = Debug|Any CPU
		{07092DBE-764C-43C4-A1BF-D846DDDCCADA}.Debug|Any CPU.Build.0 = Debug|Any CPU
		{07092DBE-764C-43C4-A1BF-D846DDDCCADA}.Release|Any CPU.ActiveCfg = Release|Any CPU
		{07092DBE-764C-43C4-A1BF-D846DDDCCADA}.Release|Any CPU.Build.0 = Release|Any CPU
		{BB8E6B47-B114-47F3-A54D-9B729D0C8286}.Debug|Any CPU.ActiveCfg = Debug|Any CPU
		{BB8E6B47-B114-47F3-A54D-9B729D0C8286}.Debug|Any CPU.Build.0 = Debug|Any CPU
		{BB8E6B47-B114-47F3-A54D-9B729D0C8286}.Release|Any CPU.ActiveCfg = Release|Any CPU
		{BB8E6B47-B114-47F3-A54D-9B729D0C8286}.Release|Any CPU.Build.0 = Release|Any CPU
		{5042DAF6-35CF-44C1-A0E0-A29021B04502}.Debug|Any CPU.ActiveCfg = Debug|Any CPU
		{5042DAF6-35CF-44C1-A0E0-A29021B04502}.Debug|Any CPU.Build.0 = Debug|Any CPU
		{5042DAF6-35CF-44C1-A0E0-A29021B04502}.Release|Any CPU.ActiveCfg = Release|Any CPU
		{5042DAF6-35CF-44C1-A0E0-A29021B04502}.Release|Any CPU.Build.0 = Release|Any CPU
		{808450F2-6DDB-4128-A639-05CDE67E9DA1}.Debug|Any CPU.ActiveCfg = Debug|Any CPU
		{808450F2-6DDB-4128-A639-05CDE67E9DA1}.Debug|Any CPU.Build.0 = Debug|Any CPU
		{808450F2-6DDB-4128-A639-05CDE67E9DA1}.Release|Any CPU.ActiveCfg = Release|Any CPU
		{808450F2-6DDB-4128-A639-05CDE67E9DA1}.Release|Any CPU.Build.0 = Release|Any CPU
	EndGlobalSection
	GlobalSection(SolutionProperties) = preSolution
		HideSolutionNode = FALSE
	EndGlobalSection
	GlobalSection(NestedProjects) = preSolution
		{7ABACB5C-22D5-4C34-A67A-ACB027D49019} = {75D2287F-5266-442B-B550-327D3C173EAD}
		{0DCF4303-89CA-4B66-8D7A-C2105091D2C4} = {75D2287F-5266-442B-B550-327D3C173EAD}
		{D640E982-E5E2-4A2B-AEC6-44A1866B727B} = {75D2287F-5266-442B-B550-327D3C173EAD}
		{07092DBE-764C-43C4-A1BF-D846DDDCCADA} = {75D2287F-5266-442B-B550-327D3C173EAD}
		{BB8E6B47-B114-47F3-A54D-9B729D0C8286} = {F3CA54E1-849C-4E78-B5C1-46CBCE3C8ACA}
		{5042DAF6-35CF-44C1-A0E0-A29021B04502} = {F3CA54E1-849C-4E78-B5C1-46CBCE3C8ACA}
		{808450F2-6DDB-4128-A639-05CDE67E9DA1} = {008924C8-5E42-4D6C-9852-0EC0E30850E7}
	EndGlobalSection
EndGlobal
